
Microsoft Visual Studio Solution File, Format Version 12.00
# Visual Studio Version 17
VisualStudioVersion = 17.13.35931.197 d17.13
MinimumVisualStudioVersion = 10.0.40219.1
Project("{FAE04EC0-301F-11D3-BF4B-00C04F79EFBC}") = "IfElsePratik", "IfElsePratik\IfElsePratik.csproj", "{44E49C30-2261-472E-AE1C-768E7CE40A06}"
EndProject
Global
	GlobalSection(SolutionConfigurationPlatforms) = preSolution
		Debug|Any CPU = Debug|Any CPU
		Release|Any CPU = Release|Any CPU
	EndGlobalSection
	GlobalSection(ProjectConfigurationPlatforms) = postSolution
		{44E49C30-2261-472E-AE1C-768E7CE40A06}.Debug|Any CPU.ActiveCfg = Debug|Any CPU
		{44E49C30-2261-472E-AE1C-768E7CE40A06}.Debug|Any CPU.Build.0 = Debug|Any CPU
		{44E49C30-2261-472E-AE1C-768E7CE40A06}.Release|Any CPU.ActiveCfg = Release|Any CPU
		{44E49C30-2261-472E-AE1C-768E7CE40A06}.Release|Any CPU.Build.0 = Release|Any CPU
	EndGlobalSection
	GlobalSection(SolutionProperties) = preSolution
		HideSolutionNode = FALSE
	EndGlobalSection
	GlobalSection(ExtensibilityGlobals) = postSolution
		SolutionGuid = {4374FECC-A410-4611-B9B5-B4C18E206C0E}
	EndGlobalSection
EndGlobal
